
Microsoft Visual Studio Solution File, Format Version 12.00
# Visual Studio Version 16
VisualStudioVersion = 16.0.30011.22
MinimumVisualStudioVersion = 10.0.40219.1
Project("{FAE04EC0-301F-11D3-BF4B-00C04F79EFBC}") = "KlinikaVeterinareTI2", "KlinikaVeterinareTI2\KlinikaVeterinareTI2.csproj", "{2CBD4C85-18DF-401D-AB68-C7759C9EDBCD}"
EndProject
Global
	GlobalSection(SolutionConfigurationPlatforms) = preSolution
		Debug|Any CPU = Debug|Any CPU
		Release|Any CPU = Release|Any CPU
	EndGlobalSection
	GlobalSection(ProjectConfigurationPlatforms) = postSolution
		{2CBD4C85-18DF-401D-AB68-C7759C9EDBCD}.Debug|Any CPU.ActiveCfg = Debug|Any CPU
		{2CBD4C85-18DF-401D-AB68-C7759C9EDBCD}.Debug|Any CPU.Build.0 = Debug|Any CPU
		{2CBD4C85-18DF-401D-AB68-C7759C9EDBCD}.Release|Any CPU.ActiveCfg = Release|Any CPU
		{2CBD4C85-18DF-401D-AB68-C7759C9EDBCD}.Release|Any CPU.Build.0 = Release|Any CPU
	EndGlobalSection
	GlobalSection(SolutionProperties) = preSolution
		HideSolutionNode = FALSE
	EndGlobalSection
	GlobalSection(ExtensibilityGlobals) = postSolution
		SolutionGuid = {E1660AF6-5FAB-4B9D-958B-2336D1222849}
	EndGlobalSection
EndGlobal
